
Microsoft Visual Studio Solution File, Format Version 12.00
# Visual Studio 15
VisualStudioVersion = 15.0.28307.902
MinimumVisualStudioVersion = 10.0.40219.1
Project("{159641D6-6404-4A2A-AE62-294DE0FE8301}") = "SSIS Trainning Pratica Final", "SSIS Trainning ALE Pratica Final\SSIS Trainning Pratica Final.dtproj", "{8BB76576-1D7B-44DF-8A93-CC79E989B2F0}"
EndProject
Global
	GlobalSection(SolutionConfigurationPlatforms) = preSolution
		Development|Default = Development|Default
	EndGlobalSection
	GlobalSection(ProjectConfigurationPlatforms) = postSolution
		{8BB76576-1D7B-44DF-8A93-CC79E989B2F0}.Development|Default.ActiveCfg = Development
		{8BB76576-1D7B-44DF-8A93-CC79E989B2F0}.Development|Default.Build.0 = Development
	EndGlobalSection
	GlobalSection(SolutionProperties) = preSolution
		HideSolutionNode = FALSE
	EndGlobalSection
	GlobalSection(ExtensibilityGlobals) = postSolution
		SolutionGuid = {AE36D12A-AD46-4FA4-B6C8-1763BAB7B7EF}
	EndGlobalSection
EndGlobal
