
Microsoft Visual Studio Solution File, Format Version 12.00
# Visual Studio 15
VisualStudioVersion = 15.0.28307.960
MinimumVisualStudioVersion = 10.0.40219.1
Project("{D2ABAB84-BF74-430A-B69E-9DC6D40DDA17}") = "ProjetoCuboVendas", "ProjetoCuboVendas\ProjetoCuboVendas.dwproj", "{5AD56244-8CD8-44E5-AF8F-21710523CF01}"
EndProject
Global
	GlobalSection(SolutionConfigurationPlatforms) = preSolution
		Development|Default = Development|Default
	EndGlobalSection
	GlobalSection(ProjectConfigurationPlatforms) = postSolution
		{5AD56244-8CD8-44E5-AF8F-21710523CF01}.Development|Default.ActiveCfg = Development
		{5AD56244-8CD8-44E5-AF8F-21710523CF01}.Development|Default.Build.0 = Development
		{5AD56244-8CD8-44E5-AF8F-21710523CF01}.Development|Default.Deploy.0 = Development
	EndGlobalSection
	GlobalSection(SolutionProperties) = preSolution
		HideSolutionNode = FALSE
	EndGlobalSection
	GlobalSection(ExtensibilityGlobals) = postSolution
		SolutionGuid = {5BC53671-565A-4083-B0BA-4E4B54C2C152}
	EndGlobalSection
EndGlobal
